
Microsoft Visual Studio Solution File, Format Version 12.00
# Visual Studio Version 16
VisualStudioVersion = 16.0.29613.14
MinimumVisualStudioVersion = 10.0.40219.1
Project("{FAE04EC0-301F-11D3-BF4B-00C04F79EFBC}") = "PF.Banking7.UI", "PF.Banking7.UI\PF.Banking7.UI.csproj", "{1B5ADFBF-30DF-44ED-AD86-6DC42662ABA1}"
EndProject
Global
	GlobalSection(SolutionConfigurationPlatforms) = preSolution
		Debug|Any CPU = Debug|Any CPU
		Release|Any CPU = Release|Any CPU
	EndGlobalSection
	GlobalSection(ProjectConfigurationPlatforms) = postSolution
		{1B5ADFBF-30DF-44ED-AD86-6DC42662ABA1}.Debug|Any CPU.ActiveCfg = Debug|Any CPU
		{1B5ADFBF-30DF-44ED-AD86-6DC42662ABA1}.Debug|Any CPU.Build.0 = Debug|Any CPU
		{1B5ADFBF-30DF-44ED-AD86-6DC42662ABA1}.Release|Any CPU.ActiveCfg = Release|Any CPU
		{1B5ADFBF-30DF-44ED-AD86-6DC42662ABA1}.Release|Any CPU.Build.0 = Release|Any CPU
	EndGlobalSection
	GlobalSection(SolutionProperties) = preSolution
		HideSolutionNode = FALSE
	EndGlobalSection
	GlobalSection(ExtensibilityGlobals) = postSolution
		SolutionGuid = {A42CE1B1-7320-4E28-BC35-8A2B2B61D5ED}
	EndGlobalSection
EndGlobal
